
Microsoft Visual Studio Solution File, Format Version 12.00
# Visual Studio Version 17
VisualStudioVersion = 17.7.34009.444
MinimumVisualStudioVersion = 10.0.40219.1
Project("{9A19103F-16F7-4668-BE54-9A1E7A4F7556}") = "TopLevelOn", "TopLevelOn\TopLevelOn.csproj", "{51FBFD0B-7258-4B1D-A58A-B09A95F8753A}"
EndProject
Project("{9A19103F-16F7-4668-BE54-9A1E7A4F7556}") = "TextReading", "TextReading\TextReading.csproj", "{E1240B43-4A1D-445D-AB0B-DCB1BC25FD99}"
EndProject
Project("{9A19103F-16F7-4668-BE54-9A1E7A4F7556}") = "SquareArea", "SquareArea\SquareArea.csproj", "{5944F586-B416-4501-A4BA-D82F939498D8}"
EndProject
Project("{9A19103F-16F7-4668-BE54-9A1E7A4F7556}") = "InchesToCentimetersConverter", "Inches_to_Centimeters_Converter\InchesToCentimetersConverter.csproj", "{3C60792B-6F48-42E0-AB8F-E6FBAF090F06}"
EndProject
Project("{9A19103F-16F7-4668-BE54-9A1E7A4F7556}") = "GradesIfElse", "Grades_If-Else\GradesIfElse.csproj", "{B369D54B-E7BC-4BA2-A9AE-4D8BE6C9B111}"
EndProject
Project("{9A19103F-16F7-4668-BE54-9A1E7A4F7556}") = "TheGreaterNumber", "The_Greater_Number\TheGreaterNumber.csproj", "{6FEC3E0E-68AD-4762-ABA9-4BA895B75B9E}"
EndProject
Project("{9A19103F-16F7-4668-BE54-9A1E7A4F7556}") = "NumbersNames", "Numbers_Names\NumbersNames.csproj", "{3DB9EE56-84F3-4C71-93F4-2AED80AC5BE3}"
EndProject
Project("{9A19103F-16F7-4668-BE54-9A1E7A4F7556}") = "DaysOfTheWeek", "DaysOfTheWeek\DaysOfTheWeek.csproj", "{8E8DD7E7-E5D9-4C65-87FC-6B4092679582}"
EndProject
Project("{9A19103F-16F7-4668-BE54-9A1E7A4F7556}") = "AnimalTypes", "AnimalTypes\AnimalTypes.csproj", "{24E265D0-EF0A-4E51-A1CB-A343BB0446D4}"
EndProject
Project("{9A19103F-16F7-4668-BE54-9A1E7A4F7556}") = "ConsoleConverterUSDtoBGN", "ConsoleConverterUSDtoBGN\ConsoleConverterUSDtoBGN.csproj", "{F8769523-E4A6-4A53-A6F2-36F6B02A68C3}"
EndProject
Project("{9A19103F-16F7-4668-BE54-9A1E7A4F7556}") = "ConsoleConverterFromRadiansToDegrees", "ConsoleConverterFromRadiansToDegrees\ConsoleConverterFromRadiansToDegrees.csproj", "{254DC473-70CB-4CBB-91D5-53E8F1826194}"
EndProject
Project("{9A19103F-16F7-4668-BE54-9A1E7A4F7556}") = "DepositCalculator", "DepositCalculator\DepositCalculator.csproj", "{5B1CB80E-A0F4-43A3-B314-20EF0B282E04}"
EndProject
Project("{9A19103F-16F7-4668-BE54-9A1E7A4F7556}") = "MandatoryLiterature", "MandatoryLiterature\MandatoryLiterature.csproj", "{FF496B31-90DB-42FC-ABB6-A629666FEAA3}"
EndProject
Project("{9A19103F-16F7-4668-BE54-9A1E7A4F7556}") = "TeachingMaterials", "TeachingMaterials\TeachingMaterials.csproj", "{DB60DABD-D893-4C6A-9B70-E26DDA32E34F}"
EndProject
Project("{9A19103F-16F7-4668-BE54-9A1E7A4F7556}") = "Redecorating", "Redecorating\Redecorating.csproj", "{7D982D61-995F-42AA-809F-02356B774DA1}"
EndProject
Project("{9A19103F-16F7-4668-BE54-9A1E7A4F7556}") = "FoodDelivery", "FoodDelivery\FoodDelivery.csproj", "{A1BE934D-FF09-4167-8757-B8C8E3BCAC19}"
EndProject
Project("{9A19103F-16F7-4668-BE54-9A1E7A4F7556}") = "Food Delivery", "Food Delivery\Food Delivery.csproj", "{7604D4A7-E5A2-48D4-AFF4-C0FEBA962547}"
EndProject
Project("{9A19103F-16F7-4668-BE54-9A1E7A4F7556}") = "BasketballEquipment", "BasketballEquipment\BasketballEquipment.csproj", "{5B2AD031-DC69-4166-BFB3-092EB609CA2A}"
EndProject
Project("{9A19103F-16F7-4668-BE54-9A1E7A4F7556}") = "Aquarium", "Aquarium\Aquarium.csproj", "{FC921FE5-5FE0-4143-BAB1-D724AFAEFB70}"
EndProject
Project("{9A19103F-16F7-4668-BE54-9A1E7A4F7556}") = "EvenOrOdd", "EvenOrOdd\EvenOrOdd.csproj", "{2D466452-9DBC-40AB-8908-54DF741F9271}"
EndProject
Project("{FAE04EC0-301F-11D3-BF4B-00C04F79EFBC}") = "7.VowelOrConsonant", "7.VowelOrConsonant\7.VowelOrConsonant.csproj", "{03BDB749-027A-45AB-BF5B-D325D93998B2}"
EndProject
Global
	GlobalSection(SolutionConfigurationPlatforms) = preSolution
		Debug|Any CPU = Debug|Any CPU
		Release|Any CPU = Release|Any CPU
	EndGlobalSection
	GlobalSection(ProjectConfigurationPlatforms) = postSolution
		{51FBFD0B-7258-4B1D-A58A-B09A95F8753A}.Debug|Any CPU.ActiveCfg = Debug|Any CPU
		{51FBFD0B-7258-4B1D-A58A-B09A95F8753A}.Debug|Any CPU.Build.0 = Debug|Any CPU
		{51FBFD0B-7258-4B1D-A58A-B09A95F8753A}.Release|Any CPU.ActiveCfg = Release|Any CPU
		{51FBFD0B-7258-4B1D-A58A-B09A95F8753A}.Release|Any CPU.Build.0 = Release|Any CPU
		{E1240B43-4A1D-445D-AB0B-DCB1BC25FD99}.Debug|Any CPU.ActiveCfg = Debug|Any CPU
		{E1240B43-4A1D-445D-AB0B-DCB1BC25FD99}.Debug|Any CPU.Build.0 = Debug|Any CPU
		{E1240B43-4A1D-445D-AB0B-DCB1BC25FD99}.Release|Any CPU.ActiveCfg = Release|Any CPU
		{E1240B43-4A1D-445D-AB0B-DCB1BC25FD99}.Release|Any CPU.Build.0 = Release|Any CPU
		{5944F586-B416-4501-A4BA-D82F939498D8}.Debug|Any CPU.ActiveCfg = Debug|Any CPU
		{5944F586-B416-4501-A4BA-D82F939498D8}.Debug|Any CPU.Build.0 = Debug|Any CPU
		{5944F586-B416-4501-A4BA-D82F939498D8}.Release|Any CPU.ActiveCfg = Release|Any CPU
		{5944F586-B416-4501-A4BA-D82F939498D8}.Release|Any CPU.Build.0 = Release|Any CPU
		{3C60792B-6F48-42E0-AB8F-E6FBAF090F06}.Debug|Any CPU.ActiveCfg = Debug|Any CPU
		{3C60792B-6F48-42E0-AB8F-E6FBAF090F06}.Debug|Any CPU.Build.0 = Debug|Any CPU
		{3C60792B-6F48-42E0-AB8F-E6FBAF090F06}.Release|Any CPU.ActiveCfg = Release|Any CPU
		{3C60792B-6F48-42E0-AB8F-E6FBAF090F06}.Release|Any CPU.Build.0 = Release|Any CPU
		{B369D54B-E7BC-4BA2-A9AE-4D8BE6C9B111}.Debug|Any CPU.ActiveCfg = Debug|Any CPU
		{B369D54B-E7BC-4BA2-A9AE-4D8BE6C9B111}.Debug|Any CPU.Build.0 = Debug|Any CPU
		{B369D54B-E7BC-4BA2-A9AE-4D8BE6C9B111}.Release|Any CPU.ActiveCfg = Release|Any CPU
		{B369D54B-E7BC-4BA2-A9AE-4D8BE6C9B111}.Release|Any CPU.Build.0 = Release|Any CPU
		{6FEC3E0E-68AD-4762-ABA9-4BA895B75B9E}.Debug|Any CPU.ActiveCfg = Debug|Any CPU
		{6FEC3E0E-68AD-4762-ABA9-4BA895B75B9E}.Debug|Any CPU.Build.0 = Debug|Any CPU
		{6FEC3E0E-68AD-4762-ABA9-4BA895B75B9E}.Release|Any CPU.ActiveCfg = Release|Any CPU
		{6FEC3E0E-68AD-4762-ABA9-4BA895B75B9E}.Release|Any CPU.Build.0 = Release|Any CPU
		{3DB9EE56-84F3-4C71-93F4-2AED80AC5BE3}.Debug|Any CPU.ActiveCfg = Debug|Any CPU
		{3DB9EE56-84F3-4C71-93F4-2AED80AC5BE3}.Debug|Any CPU.Build.0 = Debug|Any CPU
		{3DB9EE56-84F3-4C71-93F4-2AED80AC5BE3}.Release|Any CPU.ActiveCfg = Release|Any CPU
		{3DB9EE56-84F3-4C71-93F4-2AED80AC5BE3}.Release|Any CPU.Build.0 = Release|Any CPU
		{8E8DD7E7-E5D9-4C65-87FC-6B4092679582}.Debug|Any CPU.ActiveCfg = Debug|Any CPU
		{8E8DD7E7-E5D9-4C65-87FC-6B4092679582}.Debug|Any CPU.Build.0 = Debug|Any CPU
		{8E8DD7E7-E5D9-4C65-87FC-6B4092679582}.Release|Any CPU.ActiveCfg = Release|Any CPU
		{8E8DD7E7-E5D9-4C65-87FC-6B4092679582}.Release|Any CPU.Build.0 = Release|Any CPU
		{24E265D0-EF0A-4E51-A1CB-A343BB0446D4}.Debug|Any CPU.ActiveCfg = Debug|Any CPU
		{24E265D0-EF0A-4E51-A1CB-A343BB0446D4}.Debug|Any CPU.Build.0 = Debug|Any CPU
		{24E265D0-EF0A-4E51-A1CB-A343BB0446D4}.Release|Any CPU.ActiveCfg = Release|Any CPU
		{24E265D0-EF0A-4E51-A1CB-A343BB0446D4}.Release|Any CPU.Build.0 = Release|Any CPU
		{F8769523-E4A6-4A53-A6F2-36F6B02A68C3}.Debug|Any CPU.ActiveCfg = Debug|Any CPU
		{F8769523-E4A6-4A53-A6F2-36F6B02A68C3}.Debug|Any CPU.Build.0 = Debug|Any CPU
		{F8769523-E4A6-4A53-A6F2-36F6B02A68C3}.Release|Any CPU.ActiveCfg = Release|Any CPU
		{F8769523-E4A6-4A53-A6F2-36F6B02A68C3}.Release|Any CPU.Build.0 = Release|Any CPU
		{254DC473-70CB-4CBB-91D5-53E8F1826194}.Debug|Any CPU.ActiveCfg = Debug|Any CPU
		{254DC473-70CB-4CBB-91D5-53E8F1826194}.Debug|Any CPU.Build.0 = Debug|Any CPU
		{254DC473-70CB-4CBB-91D5-53E8F1826194}.Release|Any CPU.ActiveCfg = Release|Any CPU
		{254DC473-70CB-4CBB-91D5-53E8F1826194}.Release|Any CPU.Build.0 = Release|Any CPU
		{5B1CB80E-A0F4-43A3-B314-20EF0B282E04}.Debug|Any CPU.ActiveCfg = Debug|Any CPU
		{5B1CB80E-A0F4-43A3-B314-20EF0B282E04}.Debug|Any CPU.Build.0 = Debug|Any CPU
		{5B1CB80E-A0F4-43A3-B314-20EF0B282E04}.Release|Any CPU.ActiveCfg = Release|Any CPU
		{5B1CB80E-A0F4-43A3-B314-20EF0B282E04}.Release|Any CPU.Build.0 = Release|Any CPU
		{FF496B31-90DB-42FC-ABB6-A629666FEAA3}.Debug|Any CPU.ActiveCfg = Debug|Any CPU
		{FF496B31-90DB-42FC-ABB6-A629666FEAA3}.Debug|Any CPU.Build.0 = Debug|Any CPU
		{FF496B31-90DB-42FC-ABB6-A629666FEAA3}.Release|Any CPU.ActiveCfg = Release|Any CPU
		{FF496B31-90DB-42FC-ABB6-A629666FEAA3}.Release|Any CPU.Build.0 = Release|Any CPU
		{DB60DABD-D893-4C6A-9B70-E26DDA32E34F}.Debug|Any CPU.ActiveCfg = Debug|Any CPU
		{DB60DABD-D893-4C6A-9B70-E26DDA32E34F}.Debug|Any CPU.Build.0 = Debug|Any CPU
		{DB60DABD-D893-4C6A-9B70-E26DDA32E34F}.Release|Any CPU.ActiveCfg = Release|Any CPU
		{DB60DABD-D893-4C6A-9B70-E26DDA32E34F}.Release|Any CPU.Build.0 = Release|Any CPU
		{7D982D61-995F-42AA-809F-02356B774DA1}.Debug|Any CPU.ActiveCfg = Debug|Any CPU
		{7D982D61-995F-42AA-809F-02356B774DA1}.Debug|Any CPU.Build.0 = Debug|Any CPU
		{7D982D61-995F-42AA-809F-02356B774DA1}.Release|Any CPU.ActiveCfg = Release|Any CPU
		{7D982D61-995F-42AA-809F-02356B774DA1}.Release|Any CPU.Build.0 = Release|Any CPU
		{A1BE934D-FF09-4167-8757-B8C8E3BCAC19}.Debug|Any CPU.ActiveCfg = Debug|Any CPU
		{A1BE934D-FF09-4167-8757-B8C8E3BCAC19}.Debug|Any CPU.Build.0 = Debug|Any CPU
		{A1BE934D-FF09-4167-8757-B8C8E3BCAC19}.Release|Any CPU.ActiveCfg = Release|Any CPU
		{A1BE934D-FF09-4167-8757-B8C8E3BCAC19}.Release|Any CPU.Build.0 = Release|Any CPU
		{7604D4A7-E5A2-48D4-AFF4-C0FEBA962547}.Debug|Any CPU.ActiveCfg = Debug|Any CPU
		{7604D4A7-E5A2-48D4-AFF4-C0FEBA962547}.Debug|Any CPU.Build.0 = Debug|Any CPU
		{7604D4A7-E5A2-48D4-AFF4-C0FEBA962547}.Release|Any CPU.ActiveCfg = Release|Any CPU
		{7604D4A7-E5A2-48D4-AFF4-C0FEBA962547}.Release|Any CPU.Build.0 = Release|Any CPU
		{5B2AD031-DC69-4166-BFB3-092EB609CA2A}.Debug|Any CPU.ActiveCfg = Debug|Any CPU
		{5B2AD031-DC69-4166-BFB3-092EB609CA2A}.Debug|Any CPU.Build.0 = Debug|Any CPU
		{5B2AD031-DC69-4166-BFB3-092EB609CA2A}.Release|Any CPU.ActiveCfg = Release|Any CPU
		{5B2AD031-DC69-4166-BFB3-092EB609CA2A}.Release|Any CPU.Build.0 = Release|Any CPU
		{FC921FE5-5FE0-4143-BAB1-D724AFAEFB70}.Debug|Any CPU.ActiveCfg = Debug|Any CPU
		{FC921FE5-5FE0-4143-BAB1-D724AFAEFB70}.Debug|Any CPU.Build.0 = Debug|Any CPU
		{FC921FE5-5FE0-4143-BAB1-D724AFAEFB70}.Release|Any CPU.ActiveCfg = Release|Any CPU
		{FC921FE5-5FE0-4143-BAB1-D724AFAEFB70}.Release|Any CPU.Build.0 = Release|Any CPU
		{2D466452-9DBC-40AB-8908-54DF741F9271}.Debug|Any CPU.ActiveCfg = Debug|Any CPU
		{2D466452-9DBC-40AB-8908-54DF741F9271}.Debug|Any CPU.Build.0 = Debug|Any CPU
		{2D466452-9DBC-40AB-8908-54DF741F9271}.Release|Any CPU.ActiveCfg = Release|Any CPU
		{2D466452-9DBC-40AB-8908-54DF741F9271}.Release|Any CPU.Build.0 = Release|Any CPU
		{03BDB749-027A-45AB-BF5B-D325D93998B2}.Debug|Any CPU.ActiveCfg = Debug|Any CPU
		{03BDB749-027A-45AB-BF5B-D325D93998B2}.Debug|Any CPU.Build.0 = Debug|Any CPU
		{03BDB749-027A-45AB-BF5B-D325D93998B2}.Release|Any CPU.ActiveCfg = Release|Any CPU
		{03BDB749-027A-45AB-BF5B-D325D93998B2}.Release|Any CPU.Build.0 = Release|Any CPU
	EndGlobalSection
	GlobalSection(SolutionProperties) = preSolution
		HideSolutionNode = FALSE
	EndGlobalSection
	GlobalSection(ExtensibilityGlobals) = postSolution
		SolutionGuid = {9E81DCA0-6220-4C36-92AE-658B14130FEB}
	EndGlobalSection
EndGlobal
